
Microsoft Visual Studio Solution File, Format Version 12.00
# Visual Studio Version 17
VisualStudioVersion = 17.7.34031.279
MinimumVisualStudioVersion = 10.0.40219.1
Project("{FAE04EC0-301F-11D3-BF4B-00C04F79EFBC}") = "JakDěláZvířátko", "JakDěláZvířátko\JakDěláZvířátko.csproj", "{6B8C59BB-10B6-4553-89A4-466407B5AE0D}"
EndProject
Global
	GlobalSection(SolutionConfigurationPlatforms) = preSolution
		Debug|Any CPU = Debug|Any CPU
		Release|Any CPU = Release|Any CPU
	EndGlobalSection
	GlobalSection(ProjectConfigurationPlatforms) = postSolution
		{6B8C59BB-10B6-4553-89A4-466407B5AE0D}.Debug|Any CPU.ActiveCfg = Debug|Any CPU
		{6B8C59BB-10B6-4553-89A4-466407B5AE0D}.Debug|Any CPU.Build.0 = Debug|Any CPU
		{6B8C59BB-10B6-4553-89A4-466407B5AE0D}.Release|Any CPU.ActiveCfg = Release|Any CPU
		{6B8C59BB-10B6-4553-89A4-466407B5AE0D}.Release|Any CPU.Build.0 = Release|Any CPU
	EndGlobalSection
	GlobalSection(SolutionProperties) = preSolution
		HideSolutionNode = FALSE
	EndGlobalSection
	GlobalSection(ExtensibilityGlobals) = postSolution
		SolutionGuid = {EBBD101C-CAC2-4D63-B8C6-EE1D75AB0462}
	EndGlobalSection
EndGlobal
