
Microsoft Visual Studio Solution File, Format Version 12.00
# Visual Studio Version 17
VisualStudioVersion = 17.7.34031.279
MinimumVisualStudioVersion = 10.0.40219.1
Project("{FAE04EC0-301F-11D3-BF4B-00C04F79EFBC}") = "Závody", "Závody\Závody.csproj", "{8AB78FFE-9CA2-4BF9-A833-6B7D61BFD375}"
EndProject
Global
	GlobalSection(SolutionConfigurationPlatforms) = preSolution
		Debug|Any CPU = Debug|Any CPU
		Release|Any CPU = Release|Any CPU
	EndGlobalSection
	GlobalSection(ProjectConfigurationPlatforms) = postSolution
		{8AB78FFE-9CA2-4BF9-A833-6B7D61BFD375}.Debug|Any CPU.ActiveCfg = Debug|Any CPU
		{8AB78FFE-9CA2-4BF9-A833-6B7D61BFD375}.Debug|Any CPU.Build.0 = Debug|Any CPU
		{8AB78FFE-9CA2-4BF9-A833-6B7D61BFD375}.Release|Any CPU.ActiveCfg = Release|Any CPU
		{8AB78FFE-9CA2-4BF9-A833-6B7D61BFD375}.Release|Any CPU.Build.0 = Release|Any CPU
	EndGlobalSection
	GlobalSection(SolutionProperties) = preSolution
		HideSolutionNode = FALSE
	EndGlobalSection
	GlobalSection(ExtensibilityGlobals) = postSolution
		SolutionGuid = {6DCF1C54-5D8A-43D6-9C90-DB483C8EB9DC}
	EndGlobalSection
EndGlobal
